
Microsoft Visual Studio Solution File, Format Version 12.00
# Visual Studio Version 16
VisualStudioVersion = 16.0.31702.278
MinimumVisualStudioVersion = 10.0.40219.1
Project("{FAE04EC0-301F-11D3-BF4B-00C04F79EFBC}") = "Speelkaarten", "Speelkaarten.csproj", "{02351E8A-5021-495E-8663-BCBE52AFEC62}"
EndProject
Global
	GlobalSection(SolutionConfigurationPlatforms) = preSolution
		Debug|Any CPU = Debug|Any CPU
		Release|Any CPU = Release|Any CPU
	EndGlobalSection
	GlobalSection(ProjectConfigurationPlatforms) = postSolution
		{02351E8A-5021-495E-8663-BCBE52AFEC62}.Debug|Any CPU.ActiveCfg = Debug|Any CPU
		{02351E8A-5021-495E-8663-BCBE52AFEC62}.Debug|Any CPU.Build.0 = Debug|Any CPU
		{02351E8A-5021-495E-8663-BCBE52AFEC62}.Release|Any CPU.ActiveCfg = Release|Any CPU
		{02351E8A-5021-495E-8663-BCBE52AFEC62}.Release|Any CPU.Build.0 = Release|Any CPU
	EndGlobalSection
	GlobalSection(SolutionProperties) = preSolution
		HideSolutionNode = FALSE
	EndGlobalSection
	GlobalSection(ExtensibilityGlobals) = postSolution
		SolutionGuid = {6F1D4870-C866-4FF8-A670-93378CC79307}
	EndGlobalSection
EndGlobal
