
Microsoft Visual Studio Solution File, Format Version 12.00
# Visual Studio Version 16
VisualStudioVersion = 16.0.31624.102
MinimumVisualStudioVersion = 10.0.40219.1
Project("{9A19103F-16F7-4668-BE54-9A1E7A4F7556}") = "Domein", "Domein\Domein.csproj", "{E1351E1A-BB8F-4AB1-AE51-5B4ACD47F264}"
EndProject
Project("{9A19103F-16F7-4668-BE54-9A1E7A4F7556}") = "ZonderOvererving", "ZonderOvererving\ZonderOvererving.csproj", "{58C466D7-C0BE-4CA6-B69E-099622604172}"
EndProject
Project("{9A19103F-16F7-4668-BE54-9A1E7A4F7556}") = "Cui", "Cui\Cui.csproj", "{2BAE7A2E-355C-43C7-8D0A-8CAC3FE2224F}"
EndProject
Project("{9A19103F-16F7-4668-BE54-9A1E7A4F7556}") = "CuiMet3Subklasses", "CuiMet3Subklasses\CuiMet3Subklasses.csproj", "{A3F9E455-8DA0-488E-BBF9-D890753A7E3D}"
EndProject
Project("{FAE04EC0-301F-11D3-BF4B-00C04F79EFBC}") = "CuiMetPolymorfisme", "CuiMetPolymorfisme\CuiMetPolymorfisme.csproj", "{C4E76B84-16FC-4248-81CE-F46C1C2D7C48}"
EndProject
Global
	GlobalSection(SolutionConfigurationPlatforms) = preSolution
		Debug|Any CPU = Debug|Any CPU
		Release|Any CPU = Release|Any CPU
	EndGlobalSection
	GlobalSection(ProjectConfigurationPlatforms) = postSolution
		{E1351E1A-BB8F-4AB1-AE51-5B4ACD47F264}.Debug|Any CPU.ActiveCfg = Debug|Any CPU
		{E1351E1A-BB8F-4AB1-AE51-5B4ACD47F264}.Debug|Any CPU.Build.0 = Debug|Any CPU
		{E1351E1A-BB8F-4AB1-AE51-5B4ACD47F264}.Release|Any CPU.ActiveCfg = Release|Any CPU
		{E1351E1A-BB8F-4AB1-AE51-5B4ACD47F264}.Release|Any CPU.Build.0 = Release|Any CPU
		{58C466D7-C0BE-4CA6-B69E-099622604172}.Debug|Any CPU.ActiveCfg = Debug|Any CPU
		{58C466D7-C0BE-4CA6-B69E-099622604172}.Debug|Any CPU.Build.0 = Debug|Any CPU
		{58C466D7-C0BE-4CA6-B69E-099622604172}.Release|Any CPU.ActiveCfg = Release|Any CPU
		{58C466D7-C0BE-4CA6-B69E-099622604172}.Release|Any CPU.Build.0 = Release|Any CPU
		{2BAE7A2E-355C-43C7-8D0A-8CAC3FE2224F}.Debug|Any CPU.ActiveCfg = Debug|Any CPU
		{2BAE7A2E-355C-43C7-8D0A-8CAC3FE2224F}.Debug|Any CPU.Build.0 = Debug|Any CPU
		{2BAE7A2E-355C-43C7-8D0A-8CAC3FE2224F}.Release|Any CPU.ActiveCfg = Release|Any CPU
		{2BAE7A2E-355C-43C7-8D0A-8CAC3FE2224F}.Release|Any CPU.Build.0 = Release|Any CPU
		{A3F9E455-8DA0-488E-BBF9-D890753A7E3D}.Debug|Any CPU.ActiveCfg = Debug|Any CPU
		{A3F9E455-8DA0-488E-BBF9-D890753A7E3D}.Debug|Any CPU.Build.0 = Debug|Any CPU
		{A3F9E455-8DA0-488E-BBF9-D890753A7E3D}.Release|Any CPU.ActiveCfg = Release|Any CPU
		{A3F9E455-8DA0-488E-BBF9-D890753A7E3D}.Release|Any CPU.Build.0 = Release|Any CPU
		{C4E76B84-16FC-4248-81CE-F46C1C2D7C48}.Debug|Any CPU.ActiveCfg = Debug|Any CPU
		{C4E76B84-16FC-4248-81CE-F46C1C2D7C48}.Debug|Any CPU.Build.0 = Debug|Any CPU
		{C4E76B84-16FC-4248-81CE-F46C1C2D7C48}.Release|Any CPU.ActiveCfg = Release|Any CPU
		{C4E76B84-16FC-4248-81CE-F46C1C2D7C48}.Release|Any CPU.Build.0 = Release|Any CPU
	EndGlobalSection
	GlobalSection(SolutionProperties) = preSolution
		HideSolutionNode = FALSE
	EndGlobalSection
	GlobalSection(ExtensibilityGlobals) = postSolution
		SolutionGuid = {39240BD5-5230-426D-B05F-759659F7C167}
	EndGlobalSection
EndGlobal
