
Microsoft Visual Studio Solution File, Format Version 12.00
# Visual Studio Version 16
VisualStudioVersion = 16.0.31702.278
MinimumVisualStudioVersion = 10.0.40219.1
Project("{FAE04EC0-301F-11D3-BF4B-00C04F79EFBC}") = "cirkel", "cirkel.csproj", "{B6DC6F13-3CBA-4DAA-BAFF-7D13A07920E8}"
EndProject
Global
	GlobalSection(SolutionConfigurationPlatforms) = preSolution
		Debug|Any CPU = Debug|Any CPU
		Release|Any CPU = Release|Any CPU
	EndGlobalSection
	GlobalSection(ProjectConfigurationPlatforms) = postSolution
		{B6DC6F13-3CBA-4DAA-BAFF-7D13A07920E8}.Debug|Any CPU.ActiveCfg = Debug|Any CPU
		{B6DC6F13-3CBA-4DAA-BAFF-7D13A07920E8}.Debug|Any CPU.Build.0 = Debug|Any CPU
		{B6DC6F13-3CBA-4DAA-BAFF-7D13A07920E8}.Release|Any CPU.ActiveCfg = Release|Any CPU
		{B6DC6F13-3CBA-4DAA-BAFF-7D13A07920E8}.Release|Any CPU.Build.0 = Release|Any CPU
	EndGlobalSection
	GlobalSection(SolutionProperties) = preSolution
		HideSolutionNode = FALSE
	EndGlobalSection
	GlobalSection(ExtensibilityGlobals) = postSolution
		SolutionGuid = {D3964265-B1FC-435A-B342-A10C32684028}
	EndGlobalSection
EndGlobal
