
Microsoft Visual Studio Solution File, Format Version 12.00
# Visual Studio Version 16
VisualStudioVersion = 16.0.31702.278
MinimumVisualStudioVersion = 10.0.40219.1
Project("{FAE04EC0-301F-11D3-BF4B-00C04F79EFBC}") = "veelvoudvan9", "veelvoudvan9.csproj", "{6AA5B216-BC3F-4CA7-8A27-D3B9F9E0919F}"
EndProject
Global
	GlobalSection(SolutionConfigurationPlatforms) = preSolution
		Debug|Any CPU = Debug|Any CPU
		Release|Any CPU = Release|Any CPU
	EndGlobalSection
	GlobalSection(ProjectConfigurationPlatforms) = postSolution
		{6AA5B216-BC3F-4CA7-8A27-D3B9F9E0919F}.Debug|Any CPU.ActiveCfg = Debug|Any CPU
		{6AA5B216-BC3F-4CA7-8A27-D3B9F9E0919F}.Debug|Any CPU.Build.0 = Debug|Any CPU
		{6AA5B216-BC3F-4CA7-8A27-D3B9F9E0919F}.Release|Any CPU.ActiveCfg = Release|Any CPU
		{6AA5B216-BC3F-4CA7-8A27-D3B9F9E0919F}.Release|Any CPU.Build.0 = Release|Any CPU
	EndGlobalSection
	GlobalSection(SolutionProperties) = preSolution
		HideSolutionNode = FALSE
	EndGlobalSection
	GlobalSection(ExtensibilityGlobals) = postSolution
		SolutionGuid = {1F51864D-3743-41EF-BFFB-4E8B7CCCF063}
	EndGlobalSection
EndGlobal
