
Microsoft Visual Studio Solution File, Format Version 12.00
# Visual Studio Version 16
VisualStudioVersion = 16.0.31702.278
MinimumVisualStudioVersion = 10.0.40219.1
Project("{FAE04EC0-301F-11D3-BF4B-00C04F79EFBC}") = "10", "10.csproj", "{00448B13-C963-4B55-BF0C-DB1E22482B37}"
EndProject
Global
	GlobalSection(SolutionConfigurationPlatforms) = preSolution
		Debug|Any CPU = Debug|Any CPU
		Release|Any CPU = Release|Any CPU
	EndGlobalSection
	GlobalSection(ProjectConfigurationPlatforms) = postSolution
		{00448B13-C963-4B55-BF0C-DB1E22482B37}.Debug|Any CPU.ActiveCfg = Debug|Any CPU
		{00448B13-C963-4B55-BF0C-DB1E22482B37}.Debug|Any CPU.Build.0 = Debug|Any CPU
		{00448B13-C963-4B55-BF0C-DB1E22482B37}.Release|Any CPU.ActiveCfg = Release|Any CPU
		{00448B13-C963-4B55-BF0C-DB1E22482B37}.Release|Any CPU.Build.0 = Release|Any CPU
	EndGlobalSection
	GlobalSection(SolutionProperties) = preSolution
		HideSolutionNode = FALSE
	EndGlobalSection
	GlobalSection(ExtensibilityGlobals) = postSolution
		SolutionGuid = {FD6A81BA-1C9E-4E80-AF93-143C4F9423D6}
	EndGlobalSection
EndGlobal
