
Microsoft Visual Studio Solution File, Format Version 12.00
# Visual Studio Version 16
VisualStudioVersion = 16.0.31702.278
MinimumVisualStudioVersion = 10.0.40219.1
Project("{FAE04EC0-301F-11D3-BF4B-00C04F79EFBC}") = "VraagInt", "VraagInt.csproj", "{839AF870-6884-4A70-904C-DF2B7A76861F}"
EndProject
Global
	GlobalSection(SolutionConfigurationPlatforms) = preSolution
		Debug|Any CPU = Debug|Any CPU
		Release|Any CPU = Release|Any CPU
	EndGlobalSection
	GlobalSection(ProjectConfigurationPlatforms) = postSolution
		{839AF870-6884-4A70-904C-DF2B7A76861F}.Debug|Any CPU.ActiveCfg = Debug|Any CPU
		{839AF870-6884-4A70-904C-DF2B7A76861F}.Debug|Any CPU.Build.0 = Debug|Any CPU
		{839AF870-6884-4A70-904C-DF2B7A76861F}.Release|Any CPU.ActiveCfg = Release|Any CPU
		{839AF870-6884-4A70-904C-DF2B7A76861F}.Release|Any CPU.Build.0 = Release|Any CPU
	EndGlobalSection
	GlobalSection(SolutionProperties) = preSolution
		HideSolutionNode = FALSE
	EndGlobalSection
	GlobalSection(ExtensibilityGlobals) = postSolution
		SolutionGuid = {F389EA2C-E2B7-4003-AC70-92AA2CAB574E}
	EndGlobalSection
EndGlobal
