
Microsoft Visual Studio Solution File, Format Version 12.00
# Visual Studio Version 16
VisualStudioVersion = 16.0.31702.278
MinimumVisualStudioVersion = 10.0.40219.1
Project("{FAE04EC0-301F-11D3-BF4B-00C04F79EFBC}") = "15", "15.csproj", "{660E9423-9592-4ADB-B915-3D35C65B925F}"
EndProject
Global
	GlobalSection(SolutionConfigurationPlatforms) = preSolution
		Debug|Any CPU = Debug|Any CPU
		Release|Any CPU = Release|Any CPU
	EndGlobalSection
	GlobalSection(ProjectConfigurationPlatforms) = postSolution
		{660E9423-9592-4ADB-B915-3D35C65B925F}.Debug|Any CPU.ActiveCfg = Debug|Any CPU
		{660E9423-9592-4ADB-B915-3D35C65B925F}.Debug|Any CPU.Build.0 = Debug|Any CPU
		{660E9423-9592-4ADB-B915-3D35C65B925F}.Release|Any CPU.ActiveCfg = Release|Any CPU
		{660E9423-9592-4ADB-B915-3D35C65B925F}.Release|Any CPU.Build.0 = Release|Any CPU
	EndGlobalSection
	GlobalSection(SolutionProperties) = preSolution
		HideSolutionNode = FALSE
	EndGlobalSection
	GlobalSection(ExtensibilityGlobals) = postSolution
		SolutionGuid = {F54763C4-352C-41B5-9B80-DA7C9E20F592}
	EndGlobalSection
EndGlobal
