
Microsoft Visual Studio Solution File, Format Version 12.00
# Visual Studio Version 16
VisualStudioVersion = 16.0.31702.278
MinimumVisualStudioVersion = 10.0.40219.1
Project("{FAE04EC0-301F-11D3-BF4B-00C04F79EFBC}") = "Code", "Code.csproj", "{677C2E84-1CA8-4826-87E5-EC97F41F106C}"
EndProject
Global
	GlobalSection(SolutionConfigurationPlatforms) = preSolution
		Debug|Any CPU = Debug|Any CPU
		Release|Any CPU = Release|Any CPU
	EndGlobalSection
	GlobalSection(ProjectConfigurationPlatforms) = postSolution
		{677C2E84-1CA8-4826-87E5-EC97F41F106C}.Debug|Any CPU.ActiveCfg = Debug|Any CPU
		{677C2E84-1CA8-4826-87E5-EC97F41F106C}.Debug|Any CPU.Build.0 = Debug|Any CPU
		{677C2E84-1CA8-4826-87E5-EC97F41F106C}.Release|Any CPU.ActiveCfg = Release|Any CPU
		{677C2E84-1CA8-4826-87E5-EC97F41F106C}.Release|Any CPU.Build.0 = Release|Any CPU
	EndGlobalSection
	GlobalSection(SolutionProperties) = preSolution
		HideSolutionNode = FALSE
	EndGlobalSection
	GlobalSection(ExtensibilityGlobals) = postSolution
		SolutionGuid = {C9B5401A-771C-4824-89DD-5E7757A65646}
	EndGlobalSection
EndGlobal
