
Microsoft Visual Studio Solution File, Format Version 12.00
# Visual Studio Version 16
VisualStudioVersion = 16.0.31702.278
MinimumVisualStudioVersion = 10.0.40219.1
Project("{FAE04EC0-301F-11D3-BF4B-00C04F79EFBC}") = "piramide", "piramide.csproj", "{4065DA15-9A3D-4366-BAF9-1BFB79BD81B2}"
EndProject
Global
	GlobalSection(SolutionConfigurationPlatforms) = preSolution
		Debug|Any CPU = Debug|Any CPU
		Release|Any CPU = Release|Any CPU
	EndGlobalSection
	GlobalSection(ProjectConfigurationPlatforms) = postSolution
		{4065DA15-9A3D-4366-BAF9-1BFB79BD81B2}.Debug|Any CPU.ActiveCfg = Debug|Any CPU
		{4065DA15-9A3D-4366-BAF9-1BFB79BD81B2}.Debug|Any CPU.Build.0 = Debug|Any CPU
		{4065DA15-9A3D-4366-BAF9-1BFB79BD81B2}.Release|Any CPU.ActiveCfg = Release|Any CPU
		{4065DA15-9A3D-4366-BAF9-1BFB79BD81B2}.Release|Any CPU.Build.0 = Release|Any CPU
	EndGlobalSection
	GlobalSection(SolutionProperties) = preSolution
		HideSolutionNode = FALSE
	EndGlobalSection
	GlobalSection(ExtensibilityGlobals) = postSolution
		SolutionGuid = {EDEBFC4C-484E-44FA-9792-EEE5F7099AC6}
	EndGlobalSection
EndGlobal
