
Microsoft Visual Studio Solution File, Format Version 12.00
# Visual Studio Version 16
VisualStudioVersion = 16.0.31702.278
MinimumVisualStudioVersion = 10.0.40219.1
Project("{FAE04EC0-301F-11D3-BF4B-00C04F79EFBC}") = "D05_13", "D05_13\D05_13.csproj", "{740084CA-79A5-4A7B-912C-E4F26470C2DE}"
EndProject
Global
	GlobalSection(SolutionConfigurationPlatforms) = preSolution
		Debug|Any CPU = Debug|Any CPU
		Release|Any CPU = Release|Any CPU
	EndGlobalSection
	GlobalSection(ProjectConfigurationPlatforms) = postSolution
		{740084CA-79A5-4A7B-912C-E4F26470C2DE}.Debug|Any CPU.ActiveCfg = Debug|Any CPU
		{740084CA-79A5-4A7B-912C-E4F26470C2DE}.Debug|Any CPU.Build.0 = Debug|Any CPU
		{740084CA-79A5-4A7B-912C-E4F26470C2DE}.Release|Any CPU.ActiveCfg = Release|Any CPU
		{740084CA-79A5-4A7B-912C-E4F26470C2DE}.Release|Any CPU.Build.0 = Release|Any CPU
	EndGlobalSection
	GlobalSection(SolutionProperties) = preSolution
		HideSolutionNode = FALSE
	EndGlobalSection
	GlobalSection(ExtensibilityGlobals) = postSolution
		SolutionGuid = {CF0A3F9B-DE61-46A4-989E-C8610EB4C5CB}
	EndGlobalSection
EndGlobal
