
Microsoft Visual Studio Solution File, Format Version 12.00
# Visual Studio Version 16
VisualStudioVersion = 16.0.31702.278
MinimumVisualStudioVersion = 10.0.40219.1
Project("{FAE04EC0-301F-11D3-BF4B-00C04F79EFBC}") = "encrypted", "encrypted.csproj", "{BE711A45-3A92-4851-8DFB-2EAFD1626871}"
EndProject
Global
	GlobalSection(SolutionConfigurationPlatforms) = preSolution
		Debug|Any CPU = Debug|Any CPU
		Release|Any CPU = Release|Any CPU
	EndGlobalSection
	GlobalSection(ProjectConfigurationPlatforms) = postSolution
		{BE711A45-3A92-4851-8DFB-2EAFD1626871}.Debug|Any CPU.ActiveCfg = Debug|Any CPU
		{BE711A45-3A92-4851-8DFB-2EAFD1626871}.Debug|Any CPU.Build.0 = Debug|Any CPU
		{BE711A45-3A92-4851-8DFB-2EAFD1626871}.Release|Any CPU.ActiveCfg = Release|Any CPU
		{BE711A45-3A92-4851-8DFB-2EAFD1626871}.Release|Any CPU.Build.0 = Release|Any CPU
	EndGlobalSection
	GlobalSection(SolutionProperties) = preSolution
		HideSolutionNode = FALSE
	EndGlobalSection
	GlobalSection(ExtensibilityGlobals) = postSolution
		SolutionGuid = {D0C01F13-AA06-4C1C-AC43-32F5C265CAEF}
	EndGlobalSection
EndGlobal
