
Microsoft Visual Studio Solution File, Format Version 12.00
# Visual Studio Version 16
VisualStudioVersion = 16.0.31702.278
MinimumVisualStudioVersion = 10.0.40219.1
Project("{FAE04EC0-301F-11D3-BF4B-00C04F79EFBC}") = "Persecondewijzer", "Persecondewijzer\Persecondewijzer.csproj", "{13C46936-BAC7-434C-8516-31A66B307FD0}"
EndProject
Global
	GlobalSection(SolutionConfigurationPlatforms) = preSolution
		Debug|Any CPU = Debug|Any CPU
		Release|Any CPU = Release|Any CPU
	EndGlobalSection
	GlobalSection(ProjectConfigurationPlatforms) = postSolution
		{13C46936-BAC7-434C-8516-31A66B307FD0}.Debug|Any CPU.ActiveCfg = Debug|Any CPU
		{13C46936-BAC7-434C-8516-31A66B307FD0}.Debug|Any CPU.Build.0 = Debug|Any CPU
		{13C46936-BAC7-434C-8516-31A66B307FD0}.Release|Any CPU.ActiveCfg = Release|Any CPU
		{13C46936-BAC7-434C-8516-31A66B307FD0}.Release|Any CPU.Build.0 = Release|Any CPU
	EndGlobalSection
	GlobalSection(SolutionProperties) = preSolution
		HideSolutionNode = FALSE
	EndGlobalSection
	GlobalSection(ExtensibilityGlobals) = postSolution
		SolutionGuid = {0A87E21D-0FED-4C7C-BF5B-F3BF363C1624}
	EndGlobalSection
EndGlobal
