
Microsoft Visual Studio Solution File, Format Version 12.00
# Visual Studio Version 16
VisualStudioVersion = 16.0.31702.278
MinimumVisualStudioVersion = 10.0.40219.1
Project("{FAE04EC0-301F-11D3-BF4B-00C04F79EFBC}") = "karakterpositie", "karakterpositie.csproj", "{ABFFC7B5-5B07-416A-896D-A93683B9100E}"
EndProject
Global
	GlobalSection(SolutionConfigurationPlatforms) = preSolution
		Debug|Any CPU = Debug|Any CPU
		Release|Any CPU = Release|Any CPU
	EndGlobalSection
	GlobalSection(ProjectConfigurationPlatforms) = postSolution
		{ABFFC7B5-5B07-416A-896D-A93683B9100E}.Debug|Any CPU.ActiveCfg = Debug|Any CPU
		{ABFFC7B5-5B07-416A-896D-A93683B9100E}.Debug|Any CPU.Build.0 = Debug|Any CPU
		{ABFFC7B5-5B07-416A-896D-A93683B9100E}.Release|Any CPU.ActiveCfg = Release|Any CPU
		{ABFFC7B5-5B07-416A-896D-A93683B9100E}.Release|Any CPU.Build.0 = Release|Any CPU
	EndGlobalSection
	GlobalSection(SolutionProperties) = preSolution
		HideSolutionNode = FALSE
	EndGlobalSection
	GlobalSection(ExtensibilityGlobals) = postSolution
		SolutionGuid = {97D7D266-FDFD-4496-900C-1B9D3645B4B2}
	EndGlobalSection
EndGlobal
