
Microsoft Visual Studio Solution File, Format Version 12.00
# Visual Studio Version 16
VisualStudioVersion = 16.0.31702.278
MinimumVisualStudioVersion = 10.0.40219.1
Project("{FAE04EC0-301F-11D3-BF4B-00C04F79EFBC}") = "clamped", "clamped.csproj", "{AE0A21C1-5F95-48E2-818B-C84F4DB9B6AA}"
EndProject
Global
	GlobalSection(SolutionConfigurationPlatforms) = preSolution
		Debug|Any CPU = Debug|Any CPU
		Release|Any CPU = Release|Any CPU
	EndGlobalSection
	GlobalSection(ProjectConfigurationPlatforms) = postSolution
		{AE0A21C1-5F95-48E2-818B-C84F4DB9B6AA}.Debug|Any CPU.ActiveCfg = Debug|Any CPU
		{AE0A21C1-5F95-48E2-818B-C84F4DB9B6AA}.Debug|Any CPU.Build.0 = Debug|Any CPU
		{AE0A21C1-5F95-48E2-818B-C84F4DB9B6AA}.Release|Any CPU.ActiveCfg = Release|Any CPU
		{AE0A21C1-5F95-48E2-818B-C84F4DB9B6AA}.Release|Any CPU.Build.0 = Release|Any CPU
	EndGlobalSection
	GlobalSection(SolutionProperties) = preSolution
		HideSolutionNode = FALSE
	EndGlobalSection
	GlobalSection(ExtensibilityGlobals) = postSolution
		SolutionGuid = {7962D666-31A9-4336-B460-C486720A4D7C}
	EndGlobalSection
EndGlobal
