
Microsoft Visual Studio Solution File, Format Version 12.00
# Visual Studio Version 16
VisualStudioVersion = 16.0.31702.278
MinimumVisualStudioVersion = 10.0.40219.1
Project("{FAE04EC0-301F-11D3-BF4B-00C04F79EFBC}") = "Romeins - Arabisch efficient", "Romeins - Arabisch efficient.csproj", "{06EE4179-FEFA-4D23-B8B1-40A8C35FF6D5}"
EndProject
Global
	GlobalSection(SolutionConfigurationPlatforms) = preSolution
		Debug|Any CPU = Debug|Any CPU
		Release|Any CPU = Release|Any CPU
	EndGlobalSection
	GlobalSection(ProjectConfigurationPlatforms) = postSolution
		{06EE4179-FEFA-4D23-B8B1-40A8C35FF6D5}.Debug|Any CPU.ActiveCfg = Debug|Any CPU
		{06EE4179-FEFA-4D23-B8B1-40A8C35FF6D5}.Debug|Any CPU.Build.0 = Debug|Any CPU
		{06EE4179-FEFA-4D23-B8B1-40A8C35FF6D5}.Release|Any CPU.ActiveCfg = Release|Any CPU
		{06EE4179-FEFA-4D23-B8B1-40A8C35FF6D5}.Release|Any CPU.Build.0 = Release|Any CPU
	EndGlobalSection
	GlobalSection(SolutionProperties) = preSolution
		HideSolutionNode = FALSE
	EndGlobalSection
	GlobalSection(ExtensibilityGlobals) = postSolution
		SolutionGuid = {BEA4AC52-679D-42BD-AA9A-BC14F3FF4678}
	EndGlobalSection
EndGlobal
