
Microsoft Visual Studio Solution File, Format Version 12.00
# Visual Studio Version 16
VisualStudioVersion = 16.0.31702.278
MinimumVisualStudioVersion = 10.0.40219.1
Project("{FAE04EC0-301F-11D3-BF4B-00C04F79EFBC}") = "Absolute", "Absolute\Absolute.csproj", "{443D767A-D103-4E59-AF9C-625CCB7F15D0}"
EndProject
Global
	GlobalSection(SolutionConfigurationPlatforms) = preSolution
		Debug|Any CPU = Debug|Any CPU
		Release|Any CPU = Release|Any CPU
	EndGlobalSection
	GlobalSection(ProjectConfigurationPlatforms) = postSolution
		{443D767A-D103-4E59-AF9C-625CCB7F15D0}.Debug|Any CPU.ActiveCfg = Debug|Any CPU
		{443D767A-D103-4E59-AF9C-625CCB7F15D0}.Debug|Any CPU.Build.0 = Debug|Any CPU
		{443D767A-D103-4E59-AF9C-625CCB7F15D0}.Release|Any CPU.ActiveCfg = Release|Any CPU
		{443D767A-D103-4E59-AF9C-625CCB7F15D0}.Release|Any CPU.Build.0 = Release|Any CPU
	EndGlobalSection
	GlobalSection(SolutionProperties) = preSolution
		HideSolutionNode = FALSE
	EndGlobalSection
	GlobalSection(ExtensibilityGlobals) = postSolution
		SolutionGuid = {D2BFAAD6-F06A-46BF-8879-144736B54E21}
	EndGlobalSection
EndGlobal
