
Microsoft Visual Studio Solution File, Format Version 12.00
# Visual Studio Version 17
VisualStudioVersion = 17.0.31912.275
MinimumVisualStudioVersion = 10.0.40219.1
Project("{FAE04EC0-301F-11D3-BF4B-00C04F79EFBC}") = "Persoon", "Persoon\Persoon.csproj", "{7052C7D5-A5F5-4751-9F92-18D198BBF880}"
EndProject
Global
	GlobalSection(SolutionConfigurationPlatforms) = preSolution
		Debug|Any CPU = Debug|Any CPU
		Release|Any CPU = Release|Any CPU
	EndGlobalSection
	GlobalSection(ProjectConfigurationPlatforms) = postSolution
		{7052C7D5-A5F5-4751-9F92-18D198BBF880}.Debug|Any CPU.ActiveCfg = Debug|Any CPU
		{7052C7D5-A5F5-4751-9F92-18D198BBF880}.Debug|Any CPU.Build.0 = Debug|Any CPU
		{7052C7D5-A5F5-4751-9F92-18D198BBF880}.Release|Any CPU.ActiveCfg = Release|Any CPU
		{7052C7D5-A5F5-4751-9F92-18D198BBF880}.Release|Any CPU.Build.0 = Release|Any CPU
	EndGlobalSection
	GlobalSection(SolutionProperties) = preSolution
		HideSolutionNode = FALSE
	EndGlobalSection
	GlobalSection(ExtensibilityGlobals) = postSolution
		SolutionGuid = {2A5A9B29-31E5-4D4E-8C36-FF0558C7984D}
	EndGlobalSection
EndGlobal
