
Microsoft Visual Studio Solution File, Format Version 12.00
# Visual Studio Version 16
VisualStudioVersion = 16.0.31702.278
MinimumVisualStudioVersion = 10.0.40219.1
Project("{FAE04EC0-301F-11D3-BF4B-00C04F79EFBC}") = "achterstevoren", "achterstevoren.csproj", "{21872A3B-A3D9-4E3B-B0BA-9DC842AE94C6}"
EndProject
Global
	GlobalSection(SolutionConfigurationPlatforms) = preSolution
		Debug|Any CPU = Debug|Any CPU
		Release|Any CPU = Release|Any CPU
	EndGlobalSection
	GlobalSection(ProjectConfigurationPlatforms) = postSolution
		{21872A3B-A3D9-4E3B-B0BA-9DC842AE94C6}.Debug|Any CPU.ActiveCfg = Debug|Any CPU
		{21872A3B-A3D9-4E3B-B0BA-9DC842AE94C6}.Debug|Any CPU.Build.0 = Debug|Any CPU
		{21872A3B-A3D9-4E3B-B0BA-9DC842AE94C6}.Release|Any CPU.ActiveCfg = Release|Any CPU
		{21872A3B-A3D9-4E3B-B0BA-9DC842AE94C6}.Release|Any CPU.Build.0 = Release|Any CPU
	EndGlobalSection
	GlobalSection(SolutionProperties) = preSolution
		HideSolutionNode = FALSE
	EndGlobalSection
	GlobalSection(ExtensibilityGlobals) = postSolution
		SolutionGuid = {78E78FED-4F46-4F1A-BE5E-6532EFD7B280}
	EndGlobalSection
EndGlobal
