
Microsoft Visual Studio Solution File, Format Version 12.00
# Visual Studio Version 16
VisualStudioVersion = 16.0.31702.278
MinimumVisualStudioVersion = 10.0.40219.1
Project("{FAE04EC0-301F-11D3-BF4B-00C04F79EFBC}") = "Toonscore", "Toonscore.csproj", "{77F170B9-7AF7-4867-9FC0-D1AFD0BB7E7B}"
EndProject
Global
	GlobalSection(SolutionConfigurationPlatforms) = preSolution
		Debug|Any CPU = Debug|Any CPU
		Release|Any CPU = Release|Any CPU
	EndGlobalSection
	GlobalSection(ProjectConfigurationPlatforms) = postSolution
		{77F170B9-7AF7-4867-9FC0-D1AFD0BB7E7B}.Debug|Any CPU.ActiveCfg = Debug|Any CPU
		{77F170B9-7AF7-4867-9FC0-D1AFD0BB7E7B}.Debug|Any CPU.Build.0 = Debug|Any CPU
		{77F170B9-7AF7-4867-9FC0-D1AFD0BB7E7B}.Release|Any CPU.ActiveCfg = Release|Any CPU
		{77F170B9-7AF7-4867-9FC0-D1AFD0BB7E7B}.Release|Any CPU.Build.0 = Release|Any CPU
	EndGlobalSection
	GlobalSection(SolutionProperties) = preSolution
		HideSolutionNode = FALSE
	EndGlobalSection
	GlobalSection(ExtensibilityGlobals) = postSolution
		SolutionGuid = {81D2D104-507C-4B67-8BF7-358EE4401785}
	EndGlobalSection
EndGlobal
