
Microsoft Visual Studio Solution File, Format Version 12.00
# Visual Studio Version 16
VisualStudioVersion = 16.0.31702.278
MinimumVisualStudioVersion = 10.0.40219.1
Project("{FAE04EC0-301F-11D3-BF4B-00C04F79EFBC}") = "07", "07.csproj", "{335F83EA-2BF9-47DD-8548-2BE1DBB5F041}"
EndProject
Global
	GlobalSection(SolutionConfigurationPlatforms) = preSolution
		Debug|Any CPU = Debug|Any CPU
		Release|Any CPU = Release|Any CPU
	EndGlobalSection
	GlobalSection(ProjectConfigurationPlatforms) = postSolution
		{335F83EA-2BF9-47DD-8548-2BE1DBB5F041}.Debug|Any CPU.ActiveCfg = Debug|Any CPU
		{335F83EA-2BF9-47DD-8548-2BE1DBB5F041}.Debug|Any CPU.Build.0 = Debug|Any CPU
		{335F83EA-2BF9-47DD-8548-2BE1DBB5F041}.Release|Any CPU.ActiveCfg = Release|Any CPU
		{335F83EA-2BF9-47DD-8548-2BE1DBB5F041}.Release|Any CPU.Build.0 = Release|Any CPU
	EndGlobalSection
	GlobalSection(SolutionProperties) = preSolution
		HideSolutionNode = FALSE
	EndGlobalSection
	GlobalSection(ExtensibilityGlobals) = postSolution
		SolutionGuid = {01E6569D-D7C5-4340-9D0F-E70F248CF572}
	EndGlobalSection
EndGlobal
