
Microsoft Visual Studio Solution File, Format Version 12.00
# Visual Studio Version 16
VisualStudioVersion = 16.0.31702.278
MinimumVisualStudioVersion = 10.0.40219.1
Project("{FAE04EC0-301F-11D3-BF4B-00C04F79EFBC}") = "Pythagoras", "Pythagoras\Pythagoras.csproj", "{4F05BFB8-B4CF-4E69-ABB4-30A4CD55D274}"
EndProject
Global
	GlobalSection(SolutionConfigurationPlatforms) = preSolution
		Debug|Any CPU = Debug|Any CPU
		Release|Any CPU = Release|Any CPU
	EndGlobalSection
	GlobalSection(ProjectConfigurationPlatforms) = postSolution
		{4F05BFB8-B4CF-4E69-ABB4-30A4CD55D274}.Debug|Any CPU.ActiveCfg = Debug|Any CPU
		{4F05BFB8-B4CF-4E69-ABB4-30A4CD55D274}.Debug|Any CPU.Build.0 = Debug|Any CPU
		{4F05BFB8-B4CF-4E69-ABB4-30A4CD55D274}.Release|Any CPU.ActiveCfg = Release|Any CPU
		{4F05BFB8-B4CF-4E69-ABB4-30A4CD55D274}.Release|Any CPU.Build.0 = Release|Any CPU
	EndGlobalSection
	GlobalSection(SolutionProperties) = preSolution
		HideSolutionNode = FALSE
	EndGlobalSection
	GlobalSection(ExtensibilityGlobals) = postSolution
		SolutionGuid = {6CE8120D-6A6C-4C48-B193-D0F9F9EF68E4}
	EndGlobalSection
EndGlobal
