
Microsoft Visual Studio Solution File, Format Version 12.00
# Visual Studio Version 16
VisualStudioVersion = 16.0.31624.102
MinimumVisualStudioVersion = 10.0.40219.1
Project("{FAE04EC0-301F-11D3-BF4B-00C04F79EFBC}") = "D06.getallentussen20en30", "D06.getallentussen20en30\D06.getallentussen20en30.csproj", "{14A2BBEF-8EFA-4C27-A2EA-DAEBB1F3A106}"
EndProject
Global
	GlobalSection(SolutionConfigurationPlatforms) = preSolution
		Debug|Any CPU = Debug|Any CPU
		Release|Any CPU = Release|Any CPU
	EndGlobalSection
	GlobalSection(ProjectConfigurationPlatforms) = postSolution
		{14A2BBEF-8EFA-4C27-A2EA-DAEBB1F3A106}.Debug|Any CPU.ActiveCfg = Debug|Any CPU
		{14A2BBEF-8EFA-4C27-A2EA-DAEBB1F3A106}.Debug|Any CPU.Build.0 = Debug|Any CPU
		{14A2BBEF-8EFA-4C27-A2EA-DAEBB1F3A106}.Release|Any CPU.ActiveCfg = Release|Any CPU
		{14A2BBEF-8EFA-4C27-A2EA-DAEBB1F3A106}.Release|Any CPU.Build.0 = Release|Any CPU
	EndGlobalSection
	GlobalSection(SolutionProperties) = preSolution
		HideSolutionNode = FALSE
	EndGlobalSection
	GlobalSection(ExtensibilityGlobals) = postSolution
		SolutionGuid = {D32B3E6D-8FA7-4986-B8BA-49CE316A06B0}
	EndGlobalSection
EndGlobal
