
Microsoft Visual Studio Solution File, Format Version 12.00
# Visual Studio Version 17
VisualStudioVersion = 17.0.31912.275
MinimumVisualStudioVersion = 10.0.40219.1
Project("{FAE04EC0-301F-11D3-BF4B-00C04F79EFBC}") = "Artikel", "Artikel\Artikel.csproj", "{592AA6E7-408B-4772-83AD-D90BB38E0B9A}"
EndProject
Global
	GlobalSection(SolutionConfigurationPlatforms) = preSolution
		Debug|Any CPU = Debug|Any CPU
		Release|Any CPU = Release|Any CPU
	EndGlobalSection
	GlobalSection(ProjectConfigurationPlatforms) = postSolution
		{592AA6E7-408B-4772-83AD-D90BB38E0B9A}.Debug|Any CPU.ActiveCfg = Debug|Any CPU
		{592AA6E7-408B-4772-83AD-D90BB38E0B9A}.Debug|Any CPU.Build.0 = Debug|Any CPU
		{592AA6E7-408B-4772-83AD-D90BB38E0B9A}.Release|Any CPU.ActiveCfg = Release|Any CPU
		{592AA6E7-408B-4772-83AD-D90BB38E0B9A}.Release|Any CPU.Build.0 = Release|Any CPU
	EndGlobalSection
	GlobalSection(SolutionProperties) = preSolution
		HideSolutionNode = FALSE
	EndGlobalSection
	GlobalSection(ExtensibilityGlobals) = postSolution
		SolutionGuid = {53DB33F6-D601-49FE-A609-F7D056F83530}
	EndGlobalSection
EndGlobal
